
Microsoft Visual Studio Solution File, Format Version 12.00
# Visual Studio 15
VisualStudioVersion = 15.0.35431.46
MinimumVisualStudioVersion = 10.0.40219.1
Project("{FAE04EC0-301F-11D3-BF4B-00C04F79EFBC}") = "ORM_Dapper_Ex", "WindowsFormsApp3\ORM_Dapper_Ex.csproj", "{171C7112-AE62-4229-A4EE-D2871C5AAE4F}"
EndProject
Project("{FAE04EC0-301F-11D3-BF4B-00C04F79EFBC}") = "TennodLib", "TennodLib\TennodLib.csproj", "{8F6C9128-CC5D-408E-AE54-253B9DDD9441}"
EndProject
Project("{FAE04EC0-301F-11D3-BF4B-00C04F79EFBC}") = "asyncawait", "asyncawait\asyncawait.csproj", "{BFA39242-A38C-416A-AA7E-75BDEBCC4290}"
EndProject
Project("{FAE04EC0-301F-11D3-BF4B-00C04F79EFBC}") = "Thread2", "Thread2\Thread2.csproj", "{483CCFF3-B6A1-4895-B625-4CD3FC54A0EB}"
EndProject
Project("{FAE04EC0-301F-11D3-BF4B-00C04F79EFBC}") = "Thread1", "Thread1\Thread1.csproj", "{CAB1E4D2-F076-42EB-822A-DBD97DC0E844}"
EndProject
Project("{FAE04EC0-301F-11D3-BF4B-00C04F79EFBC}") = "MemoryStream1", "MemoryStream\MemoryStream1.csproj", "{63BE27F0-F69E-4010-BC65-FFB014B6765A}"
EndProject
Project("{FAE04EC0-301F-11D3-BF4B-00C04F79EFBC}") = "MemoryStream2", "MemoryStream2\MemoryStream2.csproj", "{D7F1CE37-4C19-48E3-A9EA-481BFD2E07DA}"
EndProject
Project("{FAE04EC0-301F-11D3-BF4B-00C04F79EFBC}") = "FileStream1", "FileStream1\FileStream1.csproj", "{02F64A1F-9C26-44A5-BC84-C4FCFEA61188}"
EndProject
Project("{FAE04EC0-301F-11D3-BF4B-00C04F79EFBC}") = "FileStream2", "FileStream2\FileStream2.csproj", "{6B47625E-F43F-4D21-8F5E-22FF1409671F}"
EndProject
Project("{FAE04EC0-301F-11D3-BF4B-00C04F79EFBC}") = "Com_1", "Com_1\Com_1.csproj", "{02075521-AD16-491E-B33D-9A73611E8E4F}"
EndProject
Project("{FAE04EC0-301F-11D3-BF4B-00C04F79EFBC}") = "JSON1", "JSON1\JSON1.csproj", "{9FD1A32D-0ADF-459E-BAD6-F30FB603E24B}"
EndProject
Project("{FAE04EC0-301F-11D3-BF4B-00C04F79EFBC}") = "HttpClient2", "HttpClient2\HttpClient2.csproj", "{79222CA1-5011-4DAC-B3F0-53857539FB1B}"
EndProject
Global
	GlobalSection(SolutionConfigurationPlatforms) = preSolution
		Debug|Any CPU = Debug|Any CPU
		Release|Any CPU = Release|Any CPU
	EndGlobalSection
	GlobalSection(ProjectConfigurationPlatforms) = postSolution
		{171C7112-AE62-4229-A4EE-D2871C5AAE4F}.Debug|Any CPU.ActiveCfg = Debug|Any CPU
		{171C7112-AE62-4229-A4EE-D2871C5AAE4F}.Debug|Any CPU.Build.0 = Debug|Any CPU
		{171C7112-AE62-4229-A4EE-D2871C5AAE4F}.Release|Any CPU.ActiveCfg = Release|Any CPU
		{171C7112-AE62-4229-A4EE-D2871C5AAE4F}.Release|Any CPU.Build.0 = Release|Any CPU
		{8F6C9128-CC5D-408E-AE54-253B9DDD9441}.Debug|Any CPU.ActiveCfg = Debug|Any CPU
		{8F6C9128-CC5D-408E-AE54-253B9DDD9441}.Debug|Any CPU.Build.0 = Debug|Any CPU
		{8F6C9128-CC5D-408E-AE54-253B9DDD9441}.Release|Any CPU.ActiveCfg = Release|Any CPU
		{8F6C9128-CC5D-408E-AE54-253B9DDD9441}.Release|Any CPU.Build.0 = Release|Any CPU
		{BFA39242-A38C-416A-AA7E-75BDEBCC4290}.Debug|Any CPU.ActiveCfg = Debug|Any CPU
		{BFA39242-A38C-416A-AA7E-75BDEBCC4290}.Debug|Any CPU.Build.0 = Debug|Any CPU
		{BFA39242-A38C-416A-AA7E-75BDEBCC4290}.Release|Any CPU.ActiveCfg = Release|Any CPU
		{BFA39242-A38C-416A-AA7E-75BDEBCC4290}.Release|Any CPU.Build.0 = Release|Any CPU
		{483CCFF3-B6A1-4895-B625-4CD3FC54A0EB}.Debug|Any CPU.ActiveCfg = Debug|Any CPU
		{483CCFF3-B6A1-4895-B625-4CD3FC54A0EB}.Debug|Any CPU.Build.0 = Debug|Any CPU
		{483CCFF3-B6A1-4895-B625-4CD3FC54A0EB}.Release|Any CPU.ActiveCfg = Release|Any CPU
		{483CCFF3-B6A1-4895-B625-4CD3FC54A0EB}.Release|Any CPU.Build.0 = Release|Any CPU
		{CAB1E4D2-F076-42EB-822A-DBD97DC0E844}.Debug|Any CPU.ActiveCfg = Debug|Any CPU
		{CAB1E4D2-F076-42EB-822A-DBD97DC0E844}.Debug|Any CPU.Build.0 = Debug|Any CPU
		{CAB1E4D2-F076-42EB-822A-DBD97DC0E844}.Release|Any CPU.ActiveCfg = Release|Any CPU
		{CAB1E4D2-F076-42EB-822A-DBD97DC0E844}.Release|Any CPU.Build.0 = Release|Any CPU
		{63BE27F0-F69E-4010-BC65-FFB014B6765A}.Debug|Any CPU.ActiveCfg = Debug|Any CPU
		{63BE27F0-F69E-4010-BC65-FFB014B6765A}.Debug|Any CPU.Build.0 = Debug|Any CPU
		{63BE27F0-F69E-4010-BC65-FFB014B6765A}.Release|Any CPU.ActiveCfg = Release|Any CPU
		{63BE27F0-F69E-4010-BC65-FFB014B6765A}.Release|Any CPU.Build.0 = Release|Any CPU
		{D7F1CE37-4C19-48E3-A9EA-481BFD2E07DA}.Debug|Any CPU.ActiveCfg = Debug|Any CPU
		{D7F1CE37-4C19-48E3-A9EA-481BFD2E07DA}.Debug|Any CPU.Build.0 = Debug|Any CPU
		{D7F1CE37-4C19-48E3-A9EA-481BFD2E07DA}.Release|Any CPU.ActiveCfg = Release|Any CPU
		{D7F1CE37-4C19-48E3-A9EA-481BFD2E07DA}.Release|Any CPU.Build.0 = Release|Any CPU
		{02F64A1F-9C26-44A5-BC84-C4FCFEA61188}.Debug|Any CPU.ActiveCfg = Debug|Any CPU
		{02F64A1F-9C26-44A5-BC84-C4FCFEA61188}.Debug|Any CPU.Build.0 = Debug|Any CPU
		{02F64A1F-9C26-44A5-BC84-C4FCFEA61188}.Release|Any CPU.ActiveCfg = Release|Any CPU
		{02F64A1F-9C26-44A5-BC84-C4FCFEA61188}.Release|Any CPU.Build.0 = Release|Any CPU
		{6B47625E-F43F-4D21-8F5E-22FF1409671F}.Debug|Any CPU.ActiveCfg = Debug|Any CPU
		{6B47625E-F43F-4D21-8F5E-22FF1409671F}.Debug|Any CPU.Build.0 = Debug|Any CPU
		{6B47625E-F43F-4D21-8F5E-22FF1409671F}.Release|Any CPU.ActiveCfg = Release|Any CPU
		{6B47625E-F43F-4D21-8F5E-22FF1409671F}.Release|Any CPU.Build.0 = Release|Any CPU
		{02075521-AD16-491E-B33D-9A73611E8E4F}.Debug|Any CPU.ActiveCfg = Debug|Any CPU
		{02075521-AD16-491E-B33D-9A73611E8E4F}.Debug|Any CPU.Build.0 = Debug|Any CPU
		{02075521-AD16-491E-B33D-9A73611E8E4F}.Release|Any CPU.ActiveCfg = Release|Any CPU
		{02075521-AD16-491E-B33D-9A73611E8E4F}.Release|Any CPU.Build.0 = Release|Any CPU
		{9FD1A32D-0ADF-459E-BAD6-F30FB603E24B}.Debug|Any CPU.ActiveCfg = Debug|Any CPU
		{9FD1A32D-0ADF-459E-BAD6-F30FB603E24B}.Debug|Any CPU.Build.0 = Debug|Any CPU
		{9FD1A32D-0ADF-459E-BAD6-F30FB603E24B}.Release|Any CPU.ActiveCfg = Release|Any CPU
		{9FD1A32D-0ADF-459E-BAD6-F30FB603E24B}.Release|Any CPU.Build.0 = Release|Any CPU
		{79222CA1-5011-4DAC-B3F0-53857539FB1B}.Debug|Any CPU.ActiveCfg = Debug|Any CPU
		{79222CA1-5011-4DAC-B3F0-53857539FB1B}.Debug|Any CPU.Build.0 = Debug|Any CPU
		{79222CA1-5011-4DAC-B3F0-53857539FB1B}.Release|Any CPU.ActiveCfg = Release|Any CPU
		{79222CA1-5011-4DAC-B3F0-53857539FB1B}.Release|Any CPU.Build.0 = Release|Any CPU
	EndGlobalSection
	GlobalSection(SolutionProperties) = preSolution
		HideSolutionNode = FALSE
	EndGlobalSection
	GlobalSection(ExtensibilityGlobals) = postSolution
		SolutionGuid = {767C0C87-BDB3-4B74-92FB-CB9BD6CF7683}
	EndGlobalSection
EndGlobal
